
Microsoft Visual Studio Solution File, Format Version 12.00
# Visual Studio Version 17
VisualStudioVersion = 17.14.36401.2 d17.14
MinimumVisualStudioVersion = 10.0.40219.1
Project("{FAE04EC0-301F-11D3-BF4B-00C04F79EFBC}") = "Leb03", "Leb03.csproj", "{39C78ADC-4F98-4D0A-A654-BC34A7203157}"
EndProject
Global
	GlobalSection(SolutionConfigurationPlatforms) = preSolution
		Debug|Any CPU = Debug|Any CPU
		Release|Any CPU = Release|Any CPU
	EndGlobalSection
	GlobalSection(ProjectConfigurationPlatforms) = postSolution
		{39C78ADC-4F98-4D0A-A654-BC34A7203157}.Debug|Any CPU.ActiveCfg = Debug|Any CPU
		{39C78ADC-4F98-4D0A-A654-BC34A7203157}.Debug|Any CPU.Build.0 = Debug|Any CPU
		{39C78ADC-4F98-4D0A-A654-BC34A7203157}.Release|Any CPU.ActiveCfg = Release|Any CPU
		{39C78ADC-4F98-4D0A-A654-BC34A7203157}.Release|Any CPU.Build.0 = Release|Any CPU
	EndGlobalSection
	GlobalSection(SolutionProperties) = preSolution
		HideSolutionNode = FALSE
	EndGlobalSection
	GlobalSection(ExtensibilityGlobals) = postSolution
		SolutionGuid = {7E78C09C-D5AB-463F-AABE-59646DD16791}
	EndGlobalSection
EndGlobal
