
Microsoft Visual Studio Solution File, Format Version 12.00
# Visual Studio Version 17
VisualStudioVersion = 17.14.36401.2 d17.14
MinimumVisualStudioVersion = 10.0.40219.1
Project("{FAE04EC0-301F-11D3-BF4B-00C04F79EFBC}") = "leb04", "leb04.csproj", "{D5F73D03-19A4-478D-8ED6-578B0187B13D}"
EndProject
Global
	GlobalSection(SolutionConfigurationPlatforms) = preSolution
		Debug|Any CPU = Debug|Any CPU
		Release|Any CPU = Release|Any CPU
	EndGlobalSection
	GlobalSection(ProjectConfigurationPlatforms) = postSolution
		{D5F73D03-19A4-478D-8ED6-578B0187B13D}.Debug|Any CPU.ActiveCfg = Debug|Any CPU
		{D5F73D03-19A4-478D-8ED6-578B0187B13D}.Debug|Any CPU.Build.0 = Debug|Any CPU
		{D5F73D03-19A4-478D-8ED6-578B0187B13D}.Release|Any CPU.ActiveCfg = Release|Any CPU
		{D5F73D03-19A4-478D-8ED6-578B0187B13D}.Release|Any CPU.Build.0 = Release|Any CPU
	EndGlobalSection
	GlobalSection(SolutionProperties) = preSolution
		HideSolutionNode = FALSE
	EndGlobalSection
	GlobalSection(ExtensibilityGlobals) = postSolution
		SolutionGuid = {017AB1B4-3E6C-4697-8272-AA670FBE4AFD}
	EndGlobalSection
EndGlobal
